
Microsoft Visual Studio Solution File, Format Version 12.00
# Visual Studio Version 17
VisualStudioVersion = 17.14.36623.8 d17.14
MinimumVisualStudioVersion = 10.0.40219.1
Project("{FAE04EC0-301F-11D3-BF4B-00C04F79EFBC}") = "WebApplicationMVC", "WebApplicationMVC\WebApplicationMVC.csproj", "{41B8F6E4-90EF-4CE5-B090-EAFC8F1D55DF}"
EndProject
Global
	GlobalSection(SolutionConfigurationPlatforms) = preSolution
		Debug|Any CPU = Debug|Any CPU
		Release|Any CPU = Release|Any CPU
	EndGlobalSection
	GlobalSection(ProjectConfigurationPlatforms) = postSolution
		{41B8F6E4-90EF-4CE5-B090-EAFC8F1D55DF}.Debug|Any CPU.ActiveCfg = Debug|Any CPU
		{41B8F6E4-90EF-4CE5-B090-EAFC8F1D55DF}.Debug|Any CPU.Build.0 = Debug|Any CPU
		{41B8F6E4-90EF-4CE5-B090-EAFC8F1D55DF}.Release|Any CPU.ActiveCfg = Release|Any CPU
		{41B8F6E4-90EF-4CE5-B090-EAFC8F1D55DF}.Release|Any CPU.Build.0 = Release|Any CPU
	EndGlobalSection
	GlobalSection(SolutionProperties) = preSolution
		HideSolutionNode = FALSE
	EndGlobalSection
	GlobalSection(ExtensibilityGlobals) = postSolution
		SolutionGuid = {6BE51CD3-C6BF-445D-BD28-4AAB97A95A19}
	EndGlobalSection
EndGlobal
